
Microsoft Visual Studio Solution File, Format Version 12.00
# Visual Studio Version 16
VisualStudioVersion = 16.0.32228.343
MinimumVisualStudioVersion = 10.0.40219.1
Project("{FAE04EC0-301F-11D3-BF4B-00C04F79EFBC}") = "Teknorix_project", "Teknorix_project\Teknorix_project.csproj", "{D2154779-7556-44DE-966F-8CDADA16F394}"
EndProject
Global
	GlobalSection(SolutionConfigurationPlatforms) = preSolution
		Debug|Any CPU = Debug|Any CPU
		Release|Any CPU = Release|Any CPU
	EndGlobalSection
	GlobalSection(ProjectConfigurationPlatforms) = postSolution
		{D2154779-7556-44DE-966F-8CDADA16F394}.Debug|Any CPU.ActiveCfg = Debug|Any CPU
		{D2154779-7556-44DE-966F-8CDADA16F394}.Debug|Any CPU.Build.0 = Debug|Any CPU
		{D2154779-7556-44DE-966F-8CDADA16F394}.Release|Any CPU.ActiveCfg = Release|Any CPU
		{D2154779-7556-44DE-966F-8CDADA16F394}.Release|Any CPU.Build.0 = Release|Any CPU
	EndGlobalSection
	GlobalSection(SolutionProperties) = preSolution
		HideSolutionNode = FALSE
	EndGlobalSection
	GlobalSection(ExtensibilityGlobals) = postSolution
		SolutionGuid = {4663C79A-839B-4A6A-B593-FA8799057563}
	EndGlobalSection
EndGlobal
